
Microsoft Visual Studio Solution File, Format Version 12.00
# Visual Studio 2012
Project("{9092AA53-FB77-4645-B42D-1CCCA6BD08BD}") = "ReadingClub", "ReadingClub.njsproj", "{2AF550A4-38E0-4740-ABD9-6B1CBE8DE228}"
EndProject
Global
	GlobalSection(SolutionConfigurationPlatforms) = preSolution
		Debug|Any CPU = Debug|Any CPU
		Release|Any CPU = Release|Any CPU
	EndGlobalSection
	GlobalSection(ProjectConfigurationPlatforms) = postSolution
		{2AF550A4-38E0-4740-ABD9-6B1CBE8DE228}.Debug|Any CPU.ActiveCfg = Debug|Any CPU
		{2AF550A4-38E0-4740-ABD9-6B1CBE8DE228}.Debug|Any CPU.Build.0 = Debug|Any CPU
		{2AF550A4-38E0-4740-ABD9-6B1CBE8DE228}.Release|Any CPU.ActiveCfg = Release|Any CPU
		{2AF550A4-38E0-4740-ABD9-6B1CBE8DE228}.Release|Any CPU.Build.0 = Release|Any CPU
	EndGlobalSection
	GlobalSection(SolutionProperties) = preSolution
		HideSolutionNode = FALSE
	EndGlobalSection
EndGlobal
