
Microsoft Visual Studio Solution File, Format Version 12.00
# Visual Studio 2013
VisualStudioVersion = 12.0.40629.0
MinimumVisualStudioVersion = 10.0.40219.1
Project("{9092AA53-FB77-4645-B42D-1CCCA6BD08BD}") = "ReadingClub", "ReadingClub.njsproj", "{824B8FC9-1497-4896-9030-2B8F26ADD68B}"
EndProject
Project("{9092AA53-FB77-4645-B42D-1CCCA6BD08BD}") = "Reading", "..\Reading\Reading.njsproj", "{9FA58CB7-6344-4613-8DB1-D6358E332B64}"
EndProject
Global
	GlobalSection(SolutionConfigurationPlatforms) = preSolution
		Debug|Any CPU = Debug|Any CPU
		Release|Any CPU = Release|Any CPU
	EndGlobalSection
	GlobalSection(ProjectConfigurationPlatforms) = postSolution
		{824B8FC9-1497-4896-9030-2B8F26ADD68B}.Debug|Any CPU.ActiveCfg = Debug|Any CPU
		{824B8FC9-1497-4896-9030-2B8F26ADD68B}.Debug|Any CPU.Build.0 = Debug|Any CPU
		{824B8FC9-1497-4896-9030-2B8F26ADD68B}.Release|Any CPU.ActiveCfg = Release|Any CPU
		{824B8FC9-1497-4896-9030-2B8F26ADD68B}.Release|Any CPU.Build.0 = Release|Any CPU
		{9FA58CB7-6344-4613-8DB1-D6358E332B64}.Debug|Any CPU.ActiveCfg = Debug|Any CPU
		{9FA58CB7-6344-4613-8DB1-D6358E332B64}.Debug|Any CPU.Build.0 = Debug|Any CPU
		{9FA58CB7-6344-4613-8DB1-D6358E332B64}.Release|Any CPU.ActiveCfg = Release|Any CPU
		{9FA58CB7-6344-4613-8DB1-D6358E332B64}.Release|Any CPU.Build.0 = Release|Any CPU
	EndGlobalSection
	GlobalSection(SolutionProperties) = preSolution
		HideSolutionNode = FALSE
	EndGlobalSection
EndGlobal
